
Microsoft Visual Studio Solution File, Format Version 12.00
# Visual Studio 2013
VisualStudioVersion = 12.0.21005.1
MinimumVisualStudioVersion = 10.0.40219.1
Project("{FAE04EC0-301F-11D3-BF4B-00C04F79EFBC}") = "GetOrganized", "GetOrganized\GetOrganized.csproj", "{1F38044D-C2B1-4628-AC30-23BEED9D46D4}"
EndProject
Project("{FAE04EC0-301F-11D3-BF4B-00C04F79EFBC}") = "GetOrganized.Tests", "GetOrganized.Tests\GetOrganized.Tests.csproj", "{B58F406D-D37F-4005-9C99-C7C29EF9D17E}"
EndProject
Global
	GlobalSection(SolutionConfigurationPlatforms) = preSolution
		Debug|Any CPU = Debug|Any CPU
		Release|Any CPU = Release|Any CPU
	EndGlobalSection
	GlobalSection(ProjectConfigurationPlatforms) = postSolution
		{1F38044D-C2B1-4628-AC30-23BEED9D46D4}.Debug|Any CPU.ActiveCfg = Debug|Any CPU
		{1F38044D-C2B1-4628-AC30-23BEED9D46D4}.Debug|Any CPU.Build.0 = Debug|Any CPU
		{1F38044D-C2B1-4628-AC30-23BEED9D46D4}.Release|Any CPU.ActiveCfg = Release|Any CPU
		{1F38044D-C2B1-4628-AC30-23BEED9D46D4}.Release|Any CPU.Build.0 = Release|Any CPU
		{B58F406D-D37F-4005-9C99-C7C29EF9D17E}.Debug|Any CPU.ActiveCfg = Debug|Any CPU
		{B58F406D-D37F-4005-9C99-C7C29EF9D17E}.Debug|Any CPU.Build.0 = Debug|Any CPU
		{B58F406D-D37F-4005-9C99-C7C29EF9D17E}.Release|Any CPU.ActiveCfg = Release|Any CPU
		{B58F406D-D37F-4005-9C99-C7C29EF9D17E}.Release|Any CPU.Build.0 = Release|Any CPU
	EndGlobalSection
	GlobalSection(SolutionProperties) = preSolution
		HideSolutionNode = FALSE
	EndGlobalSection
EndGlobal
